
Microsoft Visual Studio Solution File, Format Version 12.00
# Visual Studio Version 17
VisualStudioVersion = 17.9.34622.214
MinimumVisualStudioVersion = 10.0.40219.1
Project("{FAE04EC0-301F-11D3-BF4B-00C04F79EFBC}") = "EFTest", "EFTest\EFTest.csproj", "{C269ACC1-57AF-43E4-B02C-25464931683B}"
EndProject
Global
	GlobalSection(SolutionConfigurationPlatforms) = preSolution
		Debug|Any CPU = Debug|Any CPU
		Release|Any CPU = Release|Any CPU
	EndGlobalSection
	GlobalSection(ProjectConfigurationPlatforms) = postSolution
		{C269ACC1-57AF-43E4-B02C-25464931683B}.Debug|Any CPU.ActiveCfg = Debug|Any CPU
		{C269ACC1-57AF-43E4-B02C-25464931683B}.Debug|Any CPU.Build.0 = Debug|Any CPU
		{C269ACC1-57AF-43E4-B02C-25464931683B}.Release|Any CPU.ActiveCfg = Release|Any CPU
		{C269ACC1-57AF-43E4-B02C-25464931683B}.Release|Any CPU.Build.0 = Release|Any CPU
	EndGlobalSection
	GlobalSection(SolutionProperties) = preSolution
		HideSolutionNode = FALSE
	EndGlobalSection
	GlobalSection(ExtensibilityGlobals) = postSolution
		SolutionGuid = {2F2E3210-DA74-4A01-B9B5-7365F99343AB}
	EndGlobalSection
EndGlobal
